
Microsoft Visual Studio Solution File, Format Version 12.00
# Visual Studio Version 16
VisualStudioVersion = 16.0.29519.181
MinimumVisualStudioVersion = 10.0.40219.1
Project("{FAE04EC0-301F-11D3-BF4B-00C04F79EFBC}") = "Alatau", "Alatau\Alatau.csproj", "{7FE67C29-FF9C-4D16-AEE3-FF0C05399549}"
EndProject
Global
	GlobalSection(SolutionConfigurationPlatforms) = preSolution
		Debug|Any CPU = Debug|Any CPU
		Release|Any CPU = Release|Any CPU
	EndGlobalSection
	GlobalSection(ProjectConfigurationPlatforms) = postSolution
		{7FE67C29-FF9C-4D16-AEE3-FF0C05399549}.Debug|Any CPU.ActiveCfg = Debug|Any CPU
		{7FE67C29-FF9C-4D16-AEE3-FF0C05399549}.Debug|Any CPU.Build.0 = Debug|Any CPU
		{7FE67C29-FF9C-4D16-AEE3-FF0C05399549}.Release|Any CPU.ActiveCfg = Release|Any CPU
		{7FE67C29-FF9C-4D16-AEE3-FF0C05399549}.Release|Any CPU.Build.0 = Release|Any CPU
	EndGlobalSection
	GlobalSection(SolutionProperties) = preSolution
		HideSolutionNode = FALSE
	EndGlobalSection
	GlobalSection(ExtensibilityGlobals) = postSolution
		SolutionGuid = {B7D22C24-A1BA-4198-BC27-F1ADB45290D9}
	EndGlobalSection
EndGlobal
